<Solution>
  <Project Path="BlazorPopups.Core/BlazorPopups.Core.csproj" />
  <Project Path="BlazorPopups.Demo/BlazorPopups.Demo.Client/BlazorPopups.Demo.Client.csproj" Id="4c526edf-3ade-4b6f-a48a-2e949c6ccc6f" />
  <Project Path="BlazorPopups.Demo/BlazorPopups.Demo/BlazorPopups.Demo.csproj" Id="cc1daac4-35f5-4a87-a314-051d72ee0f05" />
  <Project Path="BlazorPopups.MudUI/BlazorPopups.MudUI.csproj" />
</Solution>
